// !$*UTF8*$!
{
	archiveVersion = 1;
	classes = {
	};
	objectVersion = 51;
	objects = {

/* Begin PBXBuildFile section */
		07F7FAF0DD99E9A184949CCC /* IdeaTrackerAPI.swift in Sources */ = {isa = PBXBuildFile; fileRef = 5825DDF588EFC67448473AC6 /* IdeaTrackerAPI.swift */; };
		0CA6212B06BC13FEBFD21AAC /* IdeaTrackerAPI.swift in Sources */ = {isa = PBXBuildFile; fileRef = 5825DDF588EFC67448473AC6 /* IdeaTrackerAPI.swift */; };
		28C3964C8FE577B4578DF37E /* ViewController.swift in Sources */ = {isa = PBXBuildFile; fileRef = 9AA7BCDA7A86FFEC008E16FF /* ViewController.swift */; };
		50960D1A9A8AF684C806FA09 /* LaunchScreen.storyboard in Resources */ = {isa = PBXBuildFile; fileRef = 9F346EA9DFC91F5D8BE57CB2 /* LaunchScreen.storyboard */; };
		8407468225299CBE00C13A60 /* LeanNetworkKit.framework in Frameworks */ = {isa = PBXBuildFile; fileRef = D87DBEE0FDC91B8148482D21 /* LeanNetworkKit.framework */; };
		8407468325299CBE00C13A60 /* LeanNetworkKit.framework in Embed Frameworks */ = {isa = PBXBuildFile; fileRef = D87DBEE0FDC91B8148482D21 /* LeanNetworkKit.framework */; settings = {ATTRIBUTES = (CodeSignOnCopy, RemoveHeadersOnCopy, ); }; };
		87E2F017DB82EB01CDAB9908 /* libapp-lib.a in Frameworks */ = {isa = PBXBuildFile; fileRef = B95F616A9224ACE1B138EC11 /* libapp-lib.a */; };
		8AA22A034A6F2C16562DA572 /* User.swift in Sources */ = {isa = PBXBuildFile; fileRef = 10DCCE7AF4B846ED47285EE7 /* User.swift */; };
		AE7605C068D81D7E98E2F852 /* libapi-ios-11.0.a in Frameworks */ = {isa = PBXBuildFile; fileRef = 0A6A6193AE04EBD989099573 /* libapi-ios-11.0.a */; };
		B164ACC766082BFE423FB647 /* User.swift in Sources */ = {isa = PBXBuildFile; fileRef = 10DCCE7AF4B846ED47285EE7 /* User.swift */; };
		D5493BC4537230815AB3C7FA /* Stub.swift in Sources */ = {isa = PBXBuildFile; fileRef = 9C14371740BB60C3ED69BB48 /* Stub.swift */; settings = {COMPILER_FLAGS = "-x objective-c -std=gnu99"; }; };
		ECF7674BCF9526F1597C33AA /* AppDelegate.swift in Sources */ = {isa = PBXBuildFile; fileRef = 14C896DB629A9EA19F03B165 /* AppDelegate.swift */; };
		FB024C1E54C7A033362D3C51 /* Assets.xcassets in Resources */ = {isa = PBXBuildFile; fileRef = EF8F82682279D8C3B2DC1CBD /* Assets.xcassets */; };
/* End PBXBuildFile section */

/* Begin PBXContainerItemProxy section */
		01BE70375E00FE4334D5EB1F /* PBXContainerItemProxy */ = {
			isa = PBXContainerItemProxy;
			containerPortal = E9FD5EB2F2C3042327DAD1D5 /* Project object */;
			proxyType = 1;
			remoteGlobalIDString = C625D8F38881EC175412927D;
			remoteInfo = "api-ios-11.0";
		};
		6A757D5EDB28FF8B013024C8 /* PBXContainerItemProxy */ = {
			isa = PBXContainerItemProxy;
			containerPortal = E9FD5EB2F2C3042327DAD1D5 /* Project object */;
			proxyType = 1;
			remoteGlobalIDString = 73801C15C9B80E36E6C08C3A;
			remoteInfo = "app-lib";
		};
/* End PBXContainerItemProxy section */

/* Begin PBXCopyFilesBuildPhase section */
		8407468425299CBE00C13A60 /* Embed Frameworks */ = {
			isa = PBXCopyFilesBuildPhase;
			buildActionMask = 2147483647;
			dstPath = "";
			dstSubfolderSpec = 10;
			files = (
				8407468325299CBE00C13A60 /* LeanNetworkKit.framework in Embed Frameworks */,
			);
			name = "Embed Frameworks";
			runOnlyForDeploymentPostprocessing = 0;
		};
/* End PBXCopyFilesBuildPhase section */

/* Begin PBXFileReference section */
		0A6A6193AE04EBD989099573 /* libapi-ios-11.0.a */ = {isa = PBXFileReference; includeInIndex = 0; lastKnownFileType = archive.ar; path = "libapi-ios-11.0.a"; sourceTree = BUILT_PRODUCTS_DIR; };
		10DCCE7AF4B846ED47285EE7 /* User.swift */ = {isa = PBXFileReference; lastKnownFileType = sourcecode.swift; path = User.swift; sourceTree = "<group>"; };
		14C896DB629A9EA19F03B165 /* AppDelegate.swift */ = {isa = PBXFileReference; lastKnownFileType = sourcecode.swift; path = AppDelegate.swift; sourceTree = "<group>"; };
		4BD5149B695B9195A66AE5A3 /* Info.plist */ = {isa = PBXFileReference; lastKnownFileType = text.plist; path = Info.plist; sourceTree = "<group>"; };
		5825DDF588EFC67448473AC6 /* IdeaTrackerAPI.swift */ = {isa = PBXFileReference; lastKnownFileType = sourcecode.swift; path = IdeaTrackerAPI.swift; sourceTree = "<group>"; };
		99AF9B8440D95029F9D33D80 /* libapi-ios-14.0.a */ = {isa = PBXFileReference; includeInIndex = 0; lastKnownFileType = archive.ar; path = "libapi-ios-14.0.a"; sourceTree = BUILT_PRODUCTS_DIR; };
		9AA7BCDA7A86FFEC008E16FF /* ViewController.swift */ = {isa = PBXFileReference; lastKnownFileType = sourcecode.swift; path = ViewController.swift; sourceTree = "<group>"; };
		9C14371740BB60C3ED69BB48 /* Stub.swift */ = {isa = PBXFileReference; lastKnownFileType = sourcecode.swift; path = Stub.swift; sourceTree = "<group>"; };
		9F346EA9DFC91F5D8BE57CB2 /* LaunchScreen.storyboard */ = {isa = PBXFileReference; lastKnownFileType = file.storyboard; path = LaunchScreen.storyboard; sourceTree = "<group>"; };
		9FC418FBA6CB499E5C5AE6B8 /* BUILD */ = {isa = PBXFileReference; lastKnownFileType = text; path = BUILD; sourceTree = "<group>"; };
		B95F616A9224ACE1B138EC11 /* libapp-lib.a */ = {isa = PBXFileReference; includeInIndex = 0; lastKnownFileType = archive.ar; path = "libapp-lib.a"; sourceTree = BUILT_PRODUCTS_DIR; };
		D87DBEE0FDC91B8148482D21 /* LeanNetworkKit.framework */ = {isa = PBXFileReference; lastKnownFileType = wrapper.framework; name = LeanNetworkKit.framework; path = Carthage/Build/iOS/LeanNetworkKit.framework; sourceTree = "<group>"; };
		EBA265C00193A6DECAF4BED1 /* app.app */ = {isa = PBXFileReference; explicitFileType = wrapper.application; includeInIndex = 0; path = app.app; sourceTree = BUILT_PRODUCTS_DIR; };
		EF8F82682279D8C3B2DC1CBD /* Assets.xcassets */ = {isa = PBXFileReference; lastKnownFileType = folder.assetcatalog; path = Assets.xcassets; sourceTree = "<group>"; };
/* End PBXFileReference section */

/* Begin PBXFrameworksBuildPhase section */
		B1AC605826C3B08D5592ED02 /* Frameworks */ = {
			isa = PBXFrameworksBuildPhase;
			buildActionMask = 2147483647;
			files = (
				AE7605C068D81D7E98E2F852 /* libapi-ios-11.0.a in Frameworks */,
				8407468225299CBE00C13A60 /* LeanNetworkKit.framework in Frameworks */,
				87E2F017DB82EB01CDAB9908 /* libapp-lib.a in Frameworks */,
			);
			runOnlyForDeploymentPostprocessing = 0;
		};
/* End PBXFrameworksBuildPhase section */

/* Begin PBXGroup section */
		05D6FE16ABC774AC7B19AC44 /* Frameworks */ = {
			isa = PBXGroup;
			children = (
				D87DBEE0FDC91B8148482D21 /* LeanNetworkKit.framework */,
			);
			name = Frameworks;
			sourceTree = "<group>";
		};
		391282D660D8C80249472F31 /* App */ = {
			isa = PBXGroup;
			children = (
				14C896DB629A9EA19F03B165 /* AppDelegate.swift */,
				EF8F82682279D8C3B2DC1CBD /* Assets.xcassets */,
				4BD5149B695B9195A66AE5A3 /* Info.plist */,
				9F346EA9DFC91F5D8BE57CB2 /* LaunchScreen.storyboard */,
				9AA7BCDA7A86FFEC008E16FF /* ViewController.swift */,
			);
			path = App;
			sourceTree = "<group>";
		};
		580EEEC98319A0247BD97471 /* Products */ = {
			isa = PBXGroup;
			children = (
				EBA265C00193A6DECAF4BED1 /* app.app */,
				0A6A6193AE04EBD989099573 /* libapi-ios-11.0.a */,
				99AF9B8440D95029F9D33D80 /* libapi-ios-14.0.a */,
				B95F616A9224ACE1B138EC11 /* libapp-lib.a */,
			);
			name = Products;
			sourceTree = "<group>";
		};
		594C607946E35E7492754605 /* API */ = {
			isa = PBXGroup;
			children = (
				5825DDF588EFC67448473AC6 /* IdeaTrackerAPI.swift */,
				10DCCE7AF4B846ED47285EE7 /* User.swift */,
			);
			path = API;
			sourceTree = "<group>";
		};
		701B9F75A83AF1B83438A631 = {
			isa = PBXGroup;
			children = (
				9FC418FBA6CB499E5C5AE6B8 /* BUILD */,
				594C607946E35E7492754605 /* API */,
				391282D660D8C80249472F31 /* App */,
				C29047A821B75029D057E21B /* IdeaTrackerApp.xcodeproj */,
				05D6FE16ABC774AC7B19AC44 /* Frameworks */,
				580EEEC98319A0247BD97471 /* Products */,
			);
			indentWidth = 4;
			sourceTree = "<group>";
			tabWidth = 4;
			usesTabs = 0;
		};
		C29047A821B75029D057E21B /* IdeaTrackerApp.xcodeproj */ = {
			isa = PBXGroup;
			children = (
				EE7CEEB190C37BEB31514ABA /* XCHammerAssets */,
			);
			path = IdeaTrackerApp.xcodeproj;
			sourceTree = "<group>";
		};
		EE7CEEB190C37BEB31514ABA /* XCHammerAssets */ = {
			isa = PBXGroup;
			children = (
				9C14371740BB60C3ED69BB48 /* Stub.swift */,
			);
			path = XCHammerAssets;
			sourceTree = "<group>";
		};
/* End PBXGroup section */

/* Begin PBXLegacyTarget section */
		64732E7B3F2AB6EDF2A62F3F /* GeneratedFiles */ = {
			isa = PBXLegacyTarget;
			buildArgumentsString = "-c '[[ \"$(ACTION)\" == \"clean\" ]] && (/usr/local/bin/bazel clean) || ($PROJECT_FILE_PATH/XCHammerAssets/retry.sh /usr/local/bin/bazel build --aspects @xchammer//:BazelExtensions/xcode_configuration_provider.bzl%pure_xcode_build_sources_aspect --output_groups=xcode_project_deps --override_repository=xchammer_tulsi_aspects=/usr/local/bin/xchammer.app/Contents/Resources --override_repository=tulsi=/usr/local/bin/xchammer.app/Contents/Resources --override_repository=xchammer=/usr/local/bin/xchammer.app/Contents/Resources :app :api //IdeaTrackerApp.xcodeproj/XCHammerAssets:-app_entitlements)'";
			buildConfigurationList = 53CEEB30039EA3C99D42B791 /* Build configuration list for PBXLegacyTarget "GeneratedFiles" */;
			buildPhases = (
				BBECCA8A9546B0952D478E08 /* Sources */,
			);
			buildToolPath = /bin/bash;
			buildWorkingDirectory = $SRCROOT;
			dependencies = (
			);
			name = GeneratedFiles;
			passBuildSettingsInEnvironment = 1;
			productName = GeneratedFiles;
		};
		8CD54BE4D002BD8122A0DB1F /* ResetLLDBInit */ = {
			isa = PBXLegacyTarget;
			buildArgumentsString = "-c 'echo \"settings clear target.source-map\" > ~/.lldbinit-tulsiproj'";
			buildConfigurationList = DAD7CFEFCB34E6F13D0A2299 /* Build configuration list for PBXLegacyTarget "ResetLLDBInit" */;
			buildPhases = (
				ED500B2CAB1A74B9C85EC1CE /* Sources */,
			);
			buildToolPath = /bin/bash;
			buildWorkingDirectory = $SRCROOT;
			dependencies = (
			);
			name = ResetLLDBInit;
			passBuildSettingsInEnvironment = 1;
			productName = ResetLLDBInit;
		};
		D8E719E6CCC2ACA526529762 /* UpdateXcodeProject */ = {
			isa = PBXLegacyTarget;
			buildArgumentsString = "-c $PROJECT_FILE_PATH/XCHammerAssets/updateXcodeProj.sh";
			buildConfigurationList = DC0E55FEB923538DFF4D6149 /* Build configuration list for PBXLegacyTarget "UpdateXcodeProject" */;
			buildPhases = (
				1008F54DAAE81661C7AF9FB0 /* Sources */,
			);
			buildToolPath = /bin/bash;
			buildWorkingDirectory = $SRCROOT;
			dependencies = (
			);
			name = UpdateXcodeProject;
			passBuildSettingsInEnvironment = 1;
			productName = UpdateXcodeProject;
		};
/* End PBXLegacyTarget section */

/* Begin PBXNativeTarget section */
		4B7DC00C26128246A5AAB56E /* api-ios-14.0 */ = {
			isa = PBXNativeTarget;
			buildConfigurationList = D50769C811B83BACCBDF8245 /* Build configuration list for PBXNativeTarget "api-ios-14.0" */;
			buildPhases = (
				0225F32443B6E17493AF926F /* Sources */,
				8294BA05880F83787C1EA685 /* Copy Swift Objective-C Interface Header */,
			);
			buildRules = (
			);
			dependencies = (
			);
			name = "api-ios-14.0";
			productName = "api-ios-14.0";
			productReference = 99AF9B8440D95029F9D33D80 /* libapi-ios-14.0.a */;
			productType = "com.apple.product-type.library.static";
		};
		54D4F1685D0FA8328E5825C9 /* app */ = {
			isa = PBXNativeTarget;
			buildConfigurationList = 11752F3094A307A280087ED0 /* Build configuration list for PBXNativeTarget "app" */;
			buildPhases = (
				DBA086011D6CAC5F2D1BF811 /* Sources */,
				342A94CC79264041B6F1C10D /* Resources */,
				B1AC605826C3B08D5592ED02 /* Frameworks */,
				856ECEE07C27E7649AC0FEBB /* Process IPA */,
				8407468425299CBE00C13A60 /* Embed Frameworks */,
			);
			buildRules = (
			);
			dependencies = (
				2FC1B36F993F650C67022D73 /* PBXTargetDependency */,
				A5002DDF96CD308DAB965EAA /* PBXTargetDependency */,
			);
			name = app;
			productName = app;
			productReference = EBA265C00193A6DECAF4BED1 /* app.app */;
			productType = "com.apple.product-type.application";
		};
		73801C15C9B80E36E6C08C3A /* app-lib */ = {
			isa = PBXNativeTarget;
			buildConfigurationList = 74F3DA9C5F3E902FF75517F4 /* Build configuration list for PBXNativeTarget "app-lib" */;
			buildPhases = (
				7FCF9AE5437CA8E2D65003ED /* Sources */,
				7032A9384DFDFE58325F59EB /* Copy Swift Objective-C Interface Header */,
			);
			buildRules = (
			);
			dependencies = (
			);
			name = "app-lib";
			productName = "app-lib";
			productReference = B95F616A9224ACE1B138EC11 /* libapp-lib.a */;
			productType = "com.apple.product-type.library.static";
		};
		C625D8F38881EC175412927D /* api-ios-11.0 */ = {
			isa = PBXNativeTarget;
			buildConfigurationList = 1D9663B00E71BFDD7C47BE0B /* Build configuration list for PBXNativeTarget "api-ios-11.0" */;
			buildPhases = (
				19855B4A1071B6C8F704E649 /* Sources */,
				402B4E88BEDA835A23A86D3D /* Copy Swift Objective-C Interface Header */,
			);
			buildRules = (
			);
			dependencies = (
			);
			name = "api-ios-11.0";
			productName = "api-ios-11.0";
			productReference = 0A6A6193AE04EBD989099573 /* libapi-ios-11.0.a */;
			productType = "com.apple.product-type.library.static";
		};
/* End PBXNativeTarget section */

/* Begin PBXProject section */
		E9FD5EB2F2C3042327DAD1D5 /* Project object */ = {
			isa = PBXProject;
			attributes = {
				LastUpgradeCheck = 1020;
				TargetAttributes = {
					4B7DC00C26128246A5AAB56E = {
						ProvisioningStyle = manual;
					};
					54D4F1685D0FA8328E5825C9 = {
						ProvisioningStyle = manual;
					};
					73801C15C9B80E36E6C08C3A = {
						ProvisioningStyle = manual;
					};
					C625D8F38881EC175412927D = {
						ProvisioningStyle = manual;
					};
				};
			};
			buildConfigurationList = 4D83AEAFA3C32FA6BE5BDF86 /* Build configuration list for PBXProject "IdeaTrackerApp" */;
			compatibilityVersion = "Xcode 10.0";
			developmentRegion = en;
			hasScannedForEncodings = 0;
			knownRegions = (
				en,
			);
			mainGroup = 701B9F75A83AF1B83438A631;
			projectDirPath = "";
			projectRoot = "";
			targets = (
				64732E7B3F2AB6EDF2A62F3F /* GeneratedFiles */,
				8CD54BE4D002BD8122A0DB1F /* ResetLLDBInit */,
				D8E719E6CCC2ACA526529762 /* UpdateXcodeProject */,
				C625D8F38881EC175412927D /* api-ios-11.0 */,
				4B7DC00C26128246A5AAB56E /* api-ios-14.0 */,
				54D4F1685D0FA8328E5825C9 /* app */,
				73801C15C9B80E36E6C08C3A /* app-lib */,
			);
		};
/* End PBXProject section */

/* Begin PBXResourcesBuildPhase section */
		342A94CC79264041B6F1C10D /* Resources */ = {
			isa = PBXResourcesBuildPhase;
			buildActionMask = 2147483647;
			files = (
				FB024C1E54C7A033362D3C51 /* Assets.xcassets in Resources */,
				50960D1A9A8AF684C806FA09 /* LaunchScreen.storyboard in Resources */,
			);
			runOnlyForDeploymentPostprocessing = 0;
		};
/* End PBXResourcesBuildPhase section */

/* Begin PBXShellScriptBuildPhase section */
		402B4E88BEDA835A23A86D3D /* Copy Swift Objective-C Interface Header */ = {
			isa = PBXShellScriptBuildPhase;
			buildActionMask = 2147483647;
			files = (
			);
			inputPaths = (
				"$(DERIVED_SOURCES_DIR)/$(SWIFT_OBJC_INTERFACE_HEADER_NAME)",
			);
			name = "Copy Swift Objective-C Interface Header";
			outputPaths = (
				"$(BUILT_PRODUCTS_DIR)/include/$(PRODUCT_MODULE_NAME)/$(SWIFT_OBJC_INTERFACE_HEADER_NAME)",
			);
			runOnlyForDeploymentPostprocessing = 0;
			shellPath = /bin/sh;
			shellScript = "ditto \"${SCRIPT_INPUT_FILE_0}\" \"${SCRIPT_OUTPUT_FILE_0}\"\n";
		};
		7032A9384DFDFE58325F59EB /* Copy Swift Objective-C Interface Header */ = {
			isa = PBXShellScriptBuildPhase;
			buildActionMask = 2147483647;
			files = (
			);
			inputPaths = (
				"$(DERIVED_SOURCES_DIR)/$(SWIFT_OBJC_INTERFACE_HEADER_NAME)",
			);
			name = "Copy Swift Objective-C Interface Header";
			outputPaths = (
				"$(BUILT_PRODUCTS_DIR)/include/$(PRODUCT_MODULE_NAME)/$(SWIFT_OBJC_INTERFACE_HEADER_NAME)",
			);
			runOnlyForDeploymentPostprocessing = 0;
			shellPath = /bin/sh;
			shellScript = "ditto \"${SCRIPT_INPUT_FILE_0}\" \"${SCRIPT_OUTPUT_FILE_0}\"\n";
		};
		8294BA05880F83787C1EA685 /* Copy Swift Objective-C Interface Header */ = {
			isa = PBXShellScriptBuildPhase;
			buildActionMask = 2147483647;
			files = (
			);
			inputPaths = (
				"$(DERIVED_SOURCES_DIR)/$(SWIFT_OBJC_INTERFACE_HEADER_NAME)",
			);
			name = "Copy Swift Objective-C Interface Header";
			outputPaths = (
				"$(BUILT_PRODUCTS_DIR)/include/$(PRODUCT_MODULE_NAME)/$(SWIFT_OBJC_INTERFACE_HEADER_NAME)",
			);
			runOnlyForDeploymentPostprocessing = 0;
			shellPath = /bin/sh;
			shellScript = "ditto \"${SCRIPT_INPUT_FILE_0}\" \"${SCRIPT_OUTPUT_FILE_0}\"\n";
		};
		856ECEE07C27E7649AC0FEBB /* Process IPA */ = {
			isa = PBXShellScriptBuildPhase;
			buildActionMask = 2147483647;
			files = (
			);
			inputFileListPaths = (
			);
			inputPaths = (
			);
			name = "Process IPA";
			outputFileListPaths = (
			);
			outputPaths = (
			);
			runOnlyForDeploymentPostprocessing = 0;
			shellPath = /bin/sh;
			shellScript = "/usr/local/bin/xchammer.app/Contents/MacOS/xchammer process_ipa";
		};
/* End PBXShellScriptBuildPhase section */

/* Begin PBXSourcesBuildPhase section */
		0225F32443B6E17493AF926F /* Sources */ = {
			isa = PBXSourcesBuildPhase;
			buildActionMask = 2147483647;
			files = (
				0CA6212B06BC13FEBFD21AAC /* IdeaTrackerAPI.swift in Sources */,
				8AA22A034A6F2C16562DA572 /* User.swift in Sources */,
			);
			runOnlyForDeploymentPostprocessing = 0;
		};
		1008F54DAAE81661C7AF9FB0 /* Sources */ = {
			isa = PBXSourcesBuildPhase;
			buildActionMask = 2147483647;
			files = (
			);
			runOnlyForDeploymentPostprocessing = 0;
		};
		19855B4A1071B6C8F704E649 /* Sources */ = {
			isa = PBXSourcesBuildPhase;
			buildActionMask = 2147483647;
			files = (
				07F7FAF0DD99E9A184949CCC /* IdeaTrackerAPI.swift in Sources */,
				B164ACC766082BFE423FB647 /* User.swift in Sources */,
			);
			runOnlyForDeploymentPostprocessing = 0;
		};
		7FCF9AE5437CA8E2D65003ED /* Sources */ = {
			isa = PBXSourcesBuildPhase;
			buildActionMask = 2147483647;
			files = (
				ECF7674BCF9526F1597C33AA /* AppDelegate.swift in Sources */,
				28C3964C8FE577B4578DF37E /* ViewController.swift in Sources */,
			);
			runOnlyForDeploymentPostprocessing = 0;
		};
		BBECCA8A9546B0952D478E08 /* Sources */ = {
			isa = PBXSourcesBuildPhase;
			buildActionMask = 2147483647;
			files = (
			);
			runOnlyForDeploymentPostprocessing = 0;
		};
		DBA086011D6CAC5F2D1BF811 /* Sources */ = {
			isa = PBXSourcesBuildPhase;
			buildActionMask = 2147483647;
			files = (
				D5493BC4537230815AB3C7FA /* Stub.swift in Sources */,
			);
			runOnlyForDeploymentPostprocessing = 0;
		};
		ED500B2CAB1A74B9C85EC1CE /* Sources */ = {
			isa = PBXSourcesBuildPhase;
			buildActionMask = 2147483647;
			files = (
			);
			runOnlyForDeploymentPostprocessing = 0;
		};
/* End PBXSourcesBuildPhase section */

/* Begin PBXTargetDependency section */
		2FC1B36F993F650C67022D73 /* PBXTargetDependency */ = {
			isa = PBXTargetDependency;
			target = C625D8F38881EC175412927D /* api-ios-11.0 */;
			targetProxy = 01BE70375E00FE4334D5EB1F /* PBXContainerItemProxy */;
		};
		A5002DDF96CD308DAB965EAA /* PBXTargetDependency */ = {
			isa = PBXTargetDependency;
			target = 73801C15C9B80E36E6C08C3A /* app-lib */;
			targetProxy = 6A757D5EDB28FF8B013024C8 /* PBXContainerItemProxy */;
		};
/* End PBXTargetDependency section */

/* Begin XCBuildConfiguration section */
		041E7F5D5EBD49E272AF1D2F /* Profile */ = {
			isa = XCBuildConfiguration;
			buildSettings = {
				ASSETCATALOG_COMPILER_APPICON_NAME = "";
				CLANG_ENABLE_OBJC_ARC = YES;
				CODE_SIGNING_ALLOWED = NO;
				"CODE_SIGNING_ALLOWED[sdk=iphoneos*]" = NO;
				"CODE_SIGNING_ALLOWED[sdk=iphonesimulator*]" = YES;
				CODE_SIGNING_REQUIRED = NO;
				"CODE_SIGN_IDENTITY[sdk=iphoneos*]" = "";
				CODE_SIGN_STYLE = manual;
				ENABLE_BITCODE = NO;
				ENABLE_TESTABILITY = YES;
				FRAMEWORK_SEARCH_PATHS = (
					"$(inherited)",
					"$(PLATFORM_DIR)/Developer/Library/Frameworks",
					"$(SRCROOT)/Carthage/Build/iOS",
					"\"Carthage/Build/iOS\"",
				);
				HAMMER_DIAGNOSTIC_FLAGS = "";
				HAMMER_IS_BAZEL = NO;
				HEADER_SEARCH_PATHS = (
					"$(inherited)",
					"$(SRCROOT)/xchammer-includes/x/x/",
					"$(SRCROOT)/external/",
				);
				IPHONEOS_DEPLOYMENT_TARGET = 14.0;
				LIBRARY_SEARCH_PATHS = "";
				ONLY_ACTIVE_ARCH = YES;
				OTHER_CFLAGS = (
					"-D_FORTIFY_SOURCE=1",
					"-D_FORTIFY_SOURCE=1",
					"-fmodule-map-file=Carthage/Build/iOS/LeanNetworkKit.framework/Modules/module.modulemap",
				);
				OTHER_SWIFT_FLAGS = "-Xcc -fmodule-map-file=Carthage/Build/iOS/LeanNetworkKit.framework/Modules/module.modulemap";
				PRODUCT_MODULE_NAME = IdeaTrackerAPI;
				PRODUCT_NAME = "api-ios-14.0";
				SDKROOT = iphoneos;
				SWIFT_VERSION = 5.3;
				TARGETED_DEVICE_FAMILY = "1,2";
				TULSI_WR = $SOURCE_ROOT;
				USE_HEADERMAP = NO;
			};
			name = Profile;
		};
		10BA2B20A00C8B6761C69D73 /* Profile */ = {
			isa = XCBuildConfiguration;
			buildSettings = {
			};
			name = Profile;
		};
		3D6B1463C15D8764EDB768AA /* Debug */ = {
			isa = XCBuildConfiguration;
			buildSettings = {
			};
			name = Debug;
		};
		54FE0AF3F322258B987B07B2 /* Release */ = {
			isa = XCBuildConfiguration;
			buildSettings = {
				ASSETCATALOG_COMPILER_APPICON_NAME = "";
				CLANG_ENABLE_OBJC_ARC = YES;
				CODE_SIGNING_ALLOWED = NO;
				"CODE_SIGNING_ALLOWED[sdk=iphoneos*]" = NO;
				"CODE_SIGNING_ALLOWED[sdk=iphonesimulator*]" = YES;
				CODE_SIGNING_REQUIRED = NO;
				"CODE_SIGN_IDENTITY[sdk=iphoneos*]" = "";
				CODE_SIGN_STYLE = manual;
				ENABLE_BITCODE = NO;
				ENABLE_TESTABILITY = YES;
				FRAMEWORK_SEARCH_PATHS = (
					"$(inherited)",
					"$(PLATFORM_DIR)/Developer/Library/Frameworks",
					"$(SRCROOT)/Carthage/Build/iOS",
					"\"Carthage/Build/iOS\"",
				);
				HAMMER_DIAGNOSTIC_FLAGS = "";
				HAMMER_IS_BAZEL = NO;
				HEADER_SEARCH_PATHS = (
					"$(inherited)",
					"$(SRCROOT)/xchammer-includes/x/x/",
					"$(SRCROOT)/external/",
				);
				IPHONEOS_DEPLOYMENT_TARGET = 11.0;
				LIBRARY_SEARCH_PATHS = "";
				ONLY_ACTIVE_ARCH = YES;
				OTHER_CFLAGS = (
					"-D_FORTIFY_SOURCE=1",
					"-D_FORTIFY_SOURCE=1",
					"-fmodule-map-file=Carthage/Build/iOS/LeanNetworkKit.framework/Modules/module.modulemap",
				);
				OTHER_SWIFT_FLAGS = "-Xcc -fmodule-map-file=Carthage/Build/iOS/LeanNetworkKit.framework/Modules/module.modulemap";
				PRODUCT_MODULE_NAME = IdeaTrackerAPI;
				PRODUCT_NAME = "api-ios-11.0";
				SDKROOT = iphoneos;
				SWIFT_VERSION = 5.3;
				TARGETED_DEVICE_FAMILY = "1,2";
				TULSI_WR = $SOURCE_ROOT;
				USE_HEADERMAP = NO;
			};
			name = Release;
		};
		67E843908AFB49D7750CCD5A /* Profile */ = {
			isa = XCBuildConfiguration;
			buildSettings = {
			};
			name = Profile;
		};
		7866232EE3950A7CEDA3CB77 /* Debug */ = {
			isa = XCBuildConfiguration;
			buildSettings = {
				ASSETCATALOG_COMPILER_APPICON_NAME = "";
				CLANG_ENABLE_OBJC_ARC = YES;
				CODE_SIGNING_ALLOWED = NO;
				"CODE_SIGNING_ALLOWED[sdk=iphoneos*]" = NO;
				"CODE_SIGNING_ALLOWED[sdk=iphonesimulator*]" = YES;
				CODE_SIGNING_REQUIRED = NO;
				"CODE_SIGN_IDENTITY[sdk=iphoneos*]" = "";
				CODE_SIGN_STYLE = manual;
				ENABLE_BITCODE = NO;
				ENABLE_TESTABILITY = YES;
				FRAMEWORK_SEARCH_PATHS = (
					"$(inherited)",
					"$(PLATFORM_DIR)/Developer/Library/Frameworks",
					"$(SRCROOT)/Carthage/Build/iOS",
					"\"Carthage/Build/iOS\"",
				);
				HAMMER_DIAGNOSTIC_FLAGS = "";
				HAMMER_IS_BAZEL = NO;
				HEADER_SEARCH_PATHS = (
					"$(inherited)",
					"$(SRCROOT)/xchammer-includes/x/x/",
					"$(SRCROOT)/external/",
				);
				IPHONEOS_DEPLOYMENT_TARGET = 14.0;
				LIBRARY_SEARCH_PATHS = "";
				ONLY_ACTIVE_ARCH = YES;
				OTHER_CFLAGS = (
					"-D_FORTIFY_SOURCE=1",
					"-D_FORTIFY_SOURCE=1",
					"-fmodule-map-file=Carthage/Build/iOS/LeanNetworkKit.framework/Modules/module.modulemap",
				);
				OTHER_SWIFT_FLAGS = "-Xcc -fmodule-map-file=Carthage/Build/iOS/LeanNetworkKit.framework/Modules/module.modulemap";
				PRODUCT_MODULE_NAME = IdeaTrackerAPI;
				PRODUCT_NAME = "api-ios-14.0";
				SDKROOT = iphoneos;
				SWIFT_VERSION = 5.3;
				TARGETED_DEVICE_FAMILY = "1,2";
				TULSI_WR = $SOURCE_ROOT;
				USE_HEADERMAP = NO;
			};
			name = Debug;
		};
		80BD927C1965B0F987BA9D4E /* Debug */ = {
			isa = XCBuildConfiguration;
			buildSettings = {
				SDKROOT = iphoneos;
				XCHAMMER_DEPS_HASH = "version:0.1.7:-6076429191721894181-1601790304";
			};
			name = Debug;
		};
		89C3735FFBF8D242673B6AB5 /* Profile */ = {
			isa = XCBuildConfiguration;
			buildSettings = {
			};
			name = Profile;
		};
		9387D056E9C8990A050ED131 /* Release */ = {
			isa = XCBuildConfiguration;
			buildSettings = {
			};
			name = Release;
		};
		9768C70FD2BB962C105088F4 /* Release */ = {
			isa = XCBuildConfiguration;
			buildSettings = {
				ASSETCATALOG_COMPILER_APPICON_NAME = "";
				CLANG_ENABLE_OBJC_ARC = YES;
				CODE_SIGNING_ALLOWED = NO;
				"CODE_SIGNING_ALLOWED[sdk=iphoneos*]" = NO;
				"CODE_SIGNING_ALLOWED[sdk=iphonesimulator*]" = YES;
				CODE_SIGNING_REQUIRED = NO;
				"CODE_SIGN_IDENTITY[sdk=iphoneos*]" = "";
				CODE_SIGN_STYLE = manual;
				ENABLE_BITCODE = NO;
				ENABLE_TESTABILITY = YES;
				FRAMEWORK_SEARCH_PATHS = (
					"$(inherited)",
					"$(PLATFORM_DIR)/Developer/Library/Frameworks",
					"$(SRCROOT)/Carthage/Build/iOS",
					Carthage/Build/iOS,
					"$(PROJECT_DIR)/Carthage/Build/iOS",
				);
				HAMMER_DIAGNOSTIC_FLAGS = "";
				HAMMER_IS_BAZEL = NO;
				HEADER_SEARCH_PATHS = "$(SRCROOT)/external/";
				INFOPLIST_FILE = "$(SRCROOT)/App/Info.plist";
				IPHONEOS_DEPLOYMENT_TARGET = 11.0;
				LD_RUNPATH_SEARCH_PATHS = (
					"$(inherited)",
					"@executable_path/Frameworks",
				);
				LIBRARY_SEARCH_PATHS = "";
				ONLY_ACTIVE_ARCH = YES;
				OTHER_CFLAGS = (
					"-D_FORTIFY_SOURCE=1",
					"-D_FORTIFY_SOURCE=1",
				);
				OTHER_LDFLAGS = (
					"-ObjC",
					"-ObjC",
				);
				"OTHER_LDFLAGS[sdk=iphonesimulator*]" = (
					"-ObjC",
					"-sectcreate",
					__TEXT,
					__entitlements,
					"$(SRCROOT)/xchammer-includes/x/x//IdeaTrackerApp.xcodeproj/XCHammerAssets/-app_entitlements.entitlements",
				);
				OTHER_SWIFT_FLAGS = "-I xchammer-includes/x/x/ -I xchammer-includes/x/x/";
				PRODUCT_BUNDLE_IDENTIFIER = com.gerh.IdeaTrackerApp;
				PRODUCT_MODULE_NAME = app;
				PRODUCT_NAME = app;
				SDKROOT = iphoneos;
				SWIFT_VERSION = 5.3;
				TARGETED_DEVICE_FAMILY = "1,2";
				TULSI_WR = $SOURCE_ROOT;
				USE_HEADERMAP = NO;
			};
			name = Release;
		};
		9CCAF796680F239E210CF088 /* Release */ = {
			isa = XCBuildConfiguration;
			buildSettings = {
				SDKROOT = iphoneos;
			};
			name = Release;
		};
		A004F8F250104CEA3A83451C /* Debug */ = {
			isa = XCBuildConfiguration;
			buildSettings = {
				ASSETCATALOG_COMPILER_APPICON_NAME = "";
				CLANG_ENABLE_OBJC_ARC = YES;
				CODE_SIGNING_ALLOWED = NO;
				"CODE_SIGNING_ALLOWED[sdk=iphoneos*]" = NO;
				"CODE_SIGNING_ALLOWED[sdk=iphonesimulator*]" = YES;
				CODE_SIGNING_REQUIRED = NO;
				"CODE_SIGN_IDENTITY[sdk=iphoneos*]" = "";
				CODE_SIGN_STYLE = manual;
				ENABLE_BITCODE = NO;
				ENABLE_TESTABILITY = YES;
				FRAMEWORK_SEARCH_PATHS = (
					"$(inherited)",
					"$(PLATFORM_DIR)/Developer/Library/Frameworks",
					"$(SRCROOT)/Carthage/Build/iOS",
					"\"Carthage/Build/iOS\"",
				);
				HAMMER_DIAGNOSTIC_FLAGS = "";
				HAMMER_IS_BAZEL = NO;
				HEADER_SEARCH_PATHS = (
					"$(inherited)",
					"$(SRCROOT)/xchammer-includes/x/x/",
					"$(SRCROOT)/external/",
				);
				IPHONEOS_DEPLOYMENT_TARGET = 11.0;
				LIBRARY_SEARCH_PATHS = "";
				ONLY_ACTIVE_ARCH = YES;
				OTHER_CFLAGS = (
					"-D_FORTIFY_SOURCE=1",
					"-D_FORTIFY_SOURCE=1",
					"-fmodule-map-file=Carthage/Build/iOS/LeanNetworkKit.framework/Modules/module.modulemap",
				);
				OTHER_SWIFT_FLAGS = "-Xcc -fmodule-map-file=Carthage/Build/iOS/LeanNetworkKit.framework/Modules/module.modulemap";
				PRODUCT_MODULE_NAME = IdeaTrackerApp;
				PRODUCT_NAME = "app-lib";
				SDKROOT = iphoneos;
				SWIFT_VERSION = 5.3;
				TARGETED_DEVICE_FAMILY = "1,2";
				TULSI_WR = $SOURCE_ROOT;
				USE_HEADERMAP = NO;
			};
			name = Debug;
		};
		A1483230F10337C6962BF338 /* Debug */ = {
			isa = XCBuildConfiguration;
			buildSettings = {
				ASSETCATALOG_COMPILER_APPICON_NAME = "";
				CLANG_ENABLE_OBJC_ARC = YES;
				CODE_SIGNING_ALLOWED = NO;
				"CODE_SIGNING_ALLOWED[sdk=iphoneos*]" = NO;
				"CODE_SIGNING_ALLOWED[sdk=iphonesimulator*]" = YES;
				CODE_SIGNING_REQUIRED = NO;
				"CODE_SIGN_IDENTITY[sdk=iphoneos*]" = "";
				CODE_SIGN_STYLE = manual;
				ENABLE_BITCODE = NO;
				ENABLE_TESTABILITY = YES;
				FRAMEWORK_SEARCH_PATHS = (
					"$(inherited)",
					"$(PLATFORM_DIR)/Developer/Library/Frameworks",
					"$(SRCROOT)/Carthage/Build/iOS",
					"\"Carthage/Build/iOS\"",
				);
				HAMMER_DIAGNOSTIC_FLAGS = "";
				HAMMER_IS_BAZEL = NO;
				HEADER_SEARCH_PATHS = (
					"$(inherited)",
					"$(SRCROOT)/xchammer-includes/x/x/",
					"$(SRCROOT)/external/",
				);
				IPHONEOS_DEPLOYMENT_TARGET = 11.0;
				LIBRARY_SEARCH_PATHS = "";
				ONLY_ACTIVE_ARCH = YES;
				OTHER_CFLAGS = (
					"-D_FORTIFY_SOURCE=1",
					"-D_FORTIFY_SOURCE=1",
					"-fmodule-map-file=Carthage/Build/iOS/LeanNetworkKit.framework/Modules/module.modulemap",
				);
				OTHER_SWIFT_FLAGS = "-Xcc -fmodule-map-file=Carthage/Build/iOS/LeanNetworkKit.framework/Modules/module.modulemap";
				PRODUCT_MODULE_NAME = IdeaTrackerAPI;
				PRODUCT_NAME = "api-ios-11.0";
				SDKROOT = iphoneos;
				SWIFT_VERSION = 5.3;
				TARGETED_DEVICE_FAMILY = "1,2";
				TULSI_WR = $SOURCE_ROOT;
				USE_HEADERMAP = NO;
			};
			name = Debug;
		};
		B0A500056198A00D00E68490 /* Profile */ = {
			isa = XCBuildConfiguration;
			buildSettings = {
				ASSETCATALOG_COMPILER_APPICON_NAME = "";
				CLANG_ENABLE_OBJC_ARC = YES;
				CODE_SIGNING_ALLOWED = NO;
				"CODE_SIGNING_ALLOWED[sdk=iphoneos*]" = NO;
				"CODE_SIGNING_ALLOWED[sdk=iphonesimulator*]" = YES;
				CODE_SIGNING_REQUIRED = NO;
				"CODE_SIGN_IDENTITY[sdk=iphoneos*]" = "";
				CODE_SIGN_STYLE = manual;
				ENABLE_BITCODE = NO;
				ENABLE_TESTABILITY = YES;
				FRAMEWORK_SEARCH_PATHS = (
					"$(inherited)",
					"$(PLATFORM_DIR)/Developer/Library/Frameworks",
					"$(SRCROOT)/Carthage/Build/iOS",
					"\"Carthage/Build/iOS\"",
				);
				HAMMER_DIAGNOSTIC_FLAGS = "";
				HAMMER_IS_BAZEL = NO;
				HEADER_SEARCH_PATHS = (
					"$(inherited)",
					"$(SRCROOT)/xchammer-includes/x/x/",
					"$(SRCROOT)/external/",
				);
				IPHONEOS_DEPLOYMENT_TARGET = 11.0;
				LIBRARY_SEARCH_PATHS = "";
				ONLY_ACTIVE_ARCH = YES;
				OTHER_CFLAGS = (
					"-D_FORTIFY_SOURCE=1",
					"-D_FORTIFY_SOURCE=1",
					"-fmodule-map-file=Carthage/Build/iOS/LeanNetworkKit.framework/Modules/module.modulemap",
				);
				OTHER_SWIFT_FLAGS = "-Xcc -fmodule-map-file=Carthage/Build/iOS/LeanNetworkKit.framework/Modules/module.modulemap";
				PRODUCT_MODULE_NAME = IdeaTrackerApp;
				PRODUCT_NAME = "app-lib";
				SDKROOT = iphoneos;
				SWIFT_VERSION = 5.3;
				TARGETED_DEVICE_FAMILY = "1,2";
				TULSI_WR = $SOURCE_ROOT;
				USE_HEADERMAP = NO;
			};
			name = Profile;
		};
		B15DB6724B2C17456FAB1EEA /* Profile */ = {
			isa = XCBuildConfiguration;
			buildSettings = {
				SDKROOT = iphoneos;
			};
			name = Profile;
		};
		B6D686E2348B750C3D35F321 /* Release */ = {
			isa = XCBuildConfiguration;
			buildSettings = {
			};
			name = Release;
		};
		BDD4BDF796760738E9C96DF7 /* Debug */ = {
			isa = XCBuildConfiguration;
			buildSettings = {
			};
			name = Debug;
		};
		C717CE2EF452165B4933D41F /* Release */ = {
			isa = XCBuildConfiguration;
			buildSettings = {
			};
			name = Release;
		};
		D7A14C4203803A8EC026F3DA /* Release */ = {
			isa = XCBuildConfiguration;
			buildSettings = {
				ASSETCATALOG_COMPILER_APPICON_NAME = "";
				CLANG_ENABLE_OBJC_ARC = YES;
				CODE_SIGNING_ALLOWED = NO;
				"CODE_SIGNING_ALLOWED[sdk=iphoneos*]" = NO;
				"CODE_SIGNING_ALLOWED[sdk=iphonesimulator*]" = YES;
				CODE_SIGNING_REQUIRED = NO;
				"CODE_SIGN_IDENTITY[sdk=iphoneos*]" = "";
				CODE_SIGN_STYLE = manual;
				ENABLE_BITCODE = NO;
				ENABLE_TESTABILITY = YES;
				FRAMEWORK_SEARCH_PATHS = (
					"$(inherited)",
					"$(PLATFORM_DIR)/Developer/Library/Frameworks",
					"$(SRCROOT)/Carthage/Build/iOS",
					"\"Carthage/Build/iOS\"",
				);
				HAMMER_DIAGNOSTIC_FLAGS = "";
				HAMMER_IS_BAZEL = NO;
				HEADER_SEARCH_PATHS = (
					"$(inherited)",
					"$(SRCROOT)/xchammer-includes/x/x/",
					"$(SRCROOT)/external/",
				);
				IPHONEOS_DEPLOYMENT_TARGET = 14.0;
				LIBRARY_SEARCH_PATHS = "";
				ONLY_ACTIVE_ARCH = YES;
				OTHER_CFLAGS = (
					"-D_FORTIFY_SOURCE=1",
					"-D_FORTIFY_SOURCE=1",
					"-fmodule-map-file=Carthage/Build/iOS/LeanNetworkKit.framework/Modules/module.modulemap",
				);
				OTHER_SWIFT_FLAGS = "-Xcc -fmodule-map-file=Carthage/Build/iOS/LeanNetworkKit.framework/Modules/module.modulemap";
				PRODUCT_MODULE_NAME = IdeaTrackerAPI;
				PRODUCT_NAME = "api-ios-14.0";
				SDKROOT = iphoneos;
				SWIFT_VERSION = 5.3;
				TARGETED_DEVICE_FAMILY = "1,2";
				TULSI_WR = $SOURCE_ROOT;
				USE_HEADERMAP = NO;
			};
			name = Release;
		};
		D7E09BBB0191E44304A59263 /* Debug */ = {
			isa = XCBuildConfiguration;
			buildSettings = {
				ASSETCATALOG_COMPILER_APPICON_NAME = "";
				CLANG_ENABLE_OBJC_ARC = YES;
				CODE_SIGNING_ALLOWED = NO;
				"CODE_SIGNING_ALLOWED[sdk=iphoneos*]" = NO;
				"CODE_SIGNING_ALLOWED[sdk=iphonesimulator*]" = YES;
				CODE_SIGNING_REQUIRED = NO;
				"CODE_SIGN_IDENTITY[sdk=iphoneos*]" = "";
				CODE_SIGN_STYLE = manual;
				ENABLE_BITCODE = NO;
				ENABLE_TESTABILITY = YES;
				FRAMEWORK_SEARCH_PATHS = (
					"$(inherited)",
					"$(PLATFORM_DIR)/Developer/Library/Frameworks",
					"$(SRCROOT)/Carthage/Build/iOS",
					Carthage/Build/iOS,
					"$(PROJECT_DIR)/Carthage/Build/iOS",
				);
				HAMMER_DIAGNOSTIC_FLAGS = "";
				HAMMER_IS_BAZEL = NO;
				HEADER_SEARCH_PATHS = "$(SRCROOT)/external/";
				INFOPLIST_FILE = "$(SRCROOT)/App/Info.plist";
				IPHONEOS_DEPLOYMENT_TARGET = 11.0;
				LD_RUNPATH_SEARCH_PATHS = (
					"$(inherited)",
					"@executable_path/Frameworks",
				);
				LIBRARY_SEARCH_PATHS = "";
				ONLY_ACTIVE_ARCH = YES;
				OTHER_CFLAGS = (
					"-D_FORTIFY_SOURCE=1",
					"-D_FORTIFY_SOURCE=1",
				);
				OTHER_LDFLAGS = (
					"-ObjC",
					"-ObjC",
				);
				"OTHER_LDFLAGS[sdk=iphonesimulator*]" = (
					"-ObjC",
					"-sectcreate",
					__TEXT,
					__entitlements,
					"$(SRCROOT)/xchammer-includes/x/x//IdeaTrackerApp.xcodeproj/XCHammerAssets/-app_entitlements.entitlements",
				);
				OTHER_SWIFT_FLAGS = "-I xchammer-includes/x/x/ -I xchammer-includes/x/x/";
				PRODUCT_BUNDLE_IDENTIFIER = com.gerh.IdeaTrackerApp;
				PRODUCT_MODULE_NAME = app;
				PRODUCT_NAME = app;
				SDKROOT = iphoneos;
				SWIFT_VERSION = 5.3;
				TARGETED_DEVICE_FAMILY = "1,2";
				TULSI_WR = $SOURCE_ROOT;
				USE_HEADERMAP = NO;
			};
			name = Debug;
		};
		DA453E4F4F093114D6658BBC /* Profile */ = {
			isa = XCBuildConfiguration;
			buildSettings = {
				ASSETCATALOG_COMPILER_APPICON_NAME = "";
				CLANG_ENABLE_OBJC_ARC = YES;
				CODE_SIGNING_ALLOWED = NO;
				"CODE_SIGNING_ALLOWED[sdk=iphoneos*]" = NO;
				"CODE_SIGNING_ALLOWED[sdk=iphonesimulator*]" = YES;
				CODE_SIGNING_REQUIRED = NO;
				"CODE_SIGN_IDENTITY[sdk=iphoneos*]" = "";
				CODE_SIGN_STYLE = manual;
				ENABLE_BITCODE = NO;
				ENABLE_TESTABILITY = YES;
				FRAMEWORK_SEARCH_PATHS = (
					"$(inherited)",
					"$(PLATFORM_DIR)/Developer/Library/Frameworks",
					"$(SRCROOT)/Carthage/Build/iOS",
					"\"Carthage/Build/iOS\"",
				);
				HAMMER_DIAGNOSTIC_FLAGS = "";
				HAMMER_IS_BAZEL = NO;
				HEADER_SEARCH_PATHS = (
					"$(inherited)",
					"$(SRCROOT)/xchammer-includes/x/x/",
					"$(SRCROOT)/external/",
				);
				IPHONEOS_DEPLOYMENT_TARGET = 11.0;
				LIBRARY_SEARCH_PATHS = "";
				ONLY_ACTIVE_ARCH = YES;
				OTHER_CFLAGS = (
					"-D_FORTIFY_SOURCE=1",
					"-D_FORTIFY_SOURCE=1",
					"-fmodule-map-file=Carthage/Build/iOS/LeanNetworkKit.framework/Modules/module.modulemap",
				);
				OTHER_SWIFT_FLAGS = "-Xcc -fmodule-map-file=Carthage/Build/iOS/LeanNetworkKit.framework/Modules/module.modulemap";
				PRODUCT_MODULE_NAME = IdeaTrackerAPI;
				PRODUCT_NAME = "api-ios-11.0";
				SDKROOT = iphoneos;
				SWIFT_VERSION = 5.3;
				TARGETED_DEVICE_FAMILY = "1,2";
				TULSI_WR = $SOURCE_ROOT;
				USE_HEADERMAP = NO;
			};
			name = Profile;
		};
		F15CD6B1BA9DF4B45EFDCB2D /* Release */ = {
			isa = XCBuildConfiguration;
			buildSettings = {
				ASSETCATALOG_COMPILER_APPICON_NAME = "";
				CLANG_ENABLE_OBJC_ARC = YES;
				CODE_SIGNING_ALLOWED = NO;
				"CODE_SIGNING_ALLOWED[sdk=iphoneos*]" = NO;
				"CODE_SIGNING_ALLOWED[sdk=iphonesimulator*]" = YES;
				CODE_SIGNING_REQUIRED = NO;
				"CODE_SIGN_IDENTITY[sdk=iphoneos*]" = "";
				CODE_SIGN_STYLE = manual;
				ENABLE_BITCODE = NO;
				ENABLE_TESTABILITY = YES;
				FRAMEWORK_SEARCH_PATHS = (
					"$(inherited)",
					"$(PLATFORM_DIR)/Developer/Library/Frameworks",
					"$(SRCROOT)/Carthage/Build/iOS",
					"\"Carthage/Build/iOS\"",
				);
				HAMMER_DIAGNOSTIC_FLAGS = "";
				HAMMER_IS_BAZEL = NO;
				HEADER_SEARCH_PATHS = (
					"$(inherited)",
					"$(SRCROOT)/xchammer-includes/x/x/",
					"$(SRCROOT)/external/",
				);
				IPHONEOS_DEPLOYMENT_TARGET = 11.0;
				LIBRARY_SEARCH_PATHS = "";
				ONLY_ACTIVE_ARCH = YES;
				OTHER_CFLAGS = (
					"-D_FORTIFY_SOURCE=1",
					"-D_FORTIFY_SOURCE=1",
					"-fmodule-map-file=Carthage/Build/iOS/LeanNetworkKit.framework/Modules/module.modulemap",
				);
				OTHER_SWIFT_FLAGS = "-Xcc -fmodule-map-file=Carthage/Build/iOS/LeanNetworkKit.framework/Modules/module.modulemap";
				PRODUCT_MODULE_NAME = IdeaTrackerApp;
				PRODUCT_NAME = "app-lib";
				SDKROOT = iphoneos;
				SWIFT_VERSION = 5.3;
				TARGETED_DEVICE_FAMILY = "1,2";
				TULSI_WR = $SOURCE_ROOT;
				USE_HEADERMAP = NO;
			};
			name = Release;
		};
		F33803F1512A3C668A74A08C /* Profile */ = {
			isa = XCBuildConfiguration;
			buildSettings = {
				ASSETCATALOG_COMPILER_APPICON_NAME = "";
				CLANG_ENABLE_OBJC_ARC = YES;
				CODE_SIGNING_ALLOWED = NO;
				"CODE_SIGNING_ALLOWED[sdk=iphoneos*]" = NO;
				"CODE_SIGNING_ALLOWED[sdk=iphonesimulator*]" = YES;
				CODE_SIGNING_REQUIRED = NO;
				"CODE_SIGN_IDENTITY[sdk=iphoneos*]" = "";
				CODE_SIGN_STYLE = manual;
				ENABLE_BITCODE = NO;
				ENABLE_TESTABILITY = YES;
				FRAMEWORK_SEARCH_PATHS = (
					"$(inherited)",
					"$(PLATFORM_DIR)/Developer/Library/Frameworks",
					"$(SRCROOT)/Carthage/Build/iOS",
					Carthage/Build/iOS,
					"$(PROJECT_DIR)/Carthage/Build/iOS",
				);
				HAMMER_DIAGNOSTIC_FLAGS = "";
				HAMMER_IS_BAZEL = NO;
				HEADER_SEARCH_PATHS = "$(SRCROOT)/external/";
				INFOPLIST_FILE = "$(SRCROOT)/App/Info.plist";
				IPHONEOS_DEPLOYMENT_TARGET = 11.0;
				LD_RUNPATH_SEARCH_PATHS = (
					"$(inherited)",
					"@executable_path/Frameworks",
				);
				LIBRARY_SEARCH_PATHS = "";
				ONLY_ACTIVE_ARCH = YES;
				OTHER_CFLAGS = (
					"-D_FORTIFY_SOURCE=1",
					"-D_FORTIFY_SOURCE=1",
				);
				OTHER_LDFLAGS = (
					"-ObjC",
					"-ObjC",
				);
				"OTHER_LDFLAGS[sdk=iphonesimulator*]" = (
					"-ObjC",
					"-sectcreate",
					__TEXT,
					__entitlements,
					"$(SRCROOT)/xchammer-includes/x/x//IdeaTrackerApp.xcodeproj/XCHammerAssets/-app_entitlements.entitlements",
				);
				OTHER_SWIFT_FLAGS = "-I xchammer-includes/x/x/ -I xchammer-includes/x/x/";
				PRODUCT_BUNDLE_IDENTIFIER = com.gerh.IdeaTrackerApp;
				PRODUCT_MODULE_NAME = app;
				PRODUCT_NAME = app;
				SDKROOT = iphoneos;
				SWIFT_VERSION = 5.3;
				TARGETED_DEVICE_FAMILY = "1,2";
				TULSI_WR = $SOURCE_ROOT;
				USE_HEADERMAP = NO;
			};
			name = Profile;
		};
		FE7B073E6A9AEE52F8254774 /* Debug */ = {
			isa = XCBuildConfiguration;
			buildSettings = {
			};
			name = Debug;
		};
/* End XCBuildConfiguration section */

/* Begin XCConfigurationList section */
		11752F3094A307A280087ED0 /* Build configuration list for PBXNativeTarget "app" */ = {
			isa = XCConfigurationList;
			buildConfigurations = (
				D7E09BBB0191E44304A59263 /* Debug */,
				9768C70FD2BB962C105088F4 /* Release */,
				F33803F1512A3C668A74A08C /* Profile */,
			);
			defaultConfigurationIsVisible = 0;
			defaultConfigurationName = Debug;
		};
		1D9663B00E71BFDD7C47BE0B /* Build configuration list for PBXNativeTarget "api-ios-11.0" */ = {
			isa = XCConfigurationList;
			buildConfigurations = (
				A1483230F10337C6962BF338 /* Debug */,
				54FE0AF3F322258B987B07B2 /* Release */,
				DA453E4F4F093114D6658BBC /* Profile */,
			);
			defaultConfigurationIsVisible = 0;
			defaultConfigurationName = Debug;
		};
		4D83AEAFA3C32FA6BE5BDF86 /* Build configuration list for PBXProject "IdeaTrackerApp" */ = {
			isa = XCConfigurationList;
			buildConfigurations = (
				80BD927C1965B0F987BA9D4E /* Debug */,
				9CCAF796680F239E210CF088 /* Release */,
				B15DB6724B2C17456FAB1EEA /* Profile */,
			);
			defaultConfigurationIsVisible = 0;
			defaultConfigurationName = Debug;
		};
		53CEEB30039EA3C99D42B791 /* Build configuration list for PBXLegacyTarget "GeneratedFiles" */ = {
			isa = XCConfigurationList;
			buildConfigurations = (
				BDD4BDF796760738E9C96DF7 /* Debug */,
				B6D686E2348B750C3D35F321 /* Release */,
				89C3735FFBF8D242673B6AB5 /* Profile */,
			);
			defaultConfigurationIsVisible = 0;
			defaultConfigurationName = Debug;
		};
		74F3DA9C5F3E902FF75517F4 /* Build configuration list for PBXNativeTarget "app-lib" */ = {
			isa = XCConfigurationList;
			buildConfigurations = (
				A004F8F250104CEA3A83451C /* Debug */,
				F15CD6B1BA9DF4B45EFDCB2D /* Release */,
				B0A500056198A00D00E68490 /* Profile */,
			);
			defaultConfigurationIsVisible = 0;
			defaultConfigurationName = Debug;
		};
		D50769C811B83BACCBDF8245 /* Build configuration list for PBXNativeTarget "api-ios-14.0" */ = {
			isa = XCConfigurationList;
			buildConfigurations = (
				7866232EE3950A7CEDA3CB77 /* Debug */,
				D7A14C4203803A8EC026F3DA /* Release */,
				041E7F5D5EBD49E272AF1D2F /* Profile */,
			);
			defaultConfigurationIsVisible = 0;
			defaultConfigurationName = Debug;
		};
		DAD7CFEFCB34E6F13D0A2299 /* Build configuration list for PBXLegacyTarget "ResetLLDBInit" */ = {
			isa = XCConfigurationList;
			buildConfigurations = (
				FE7B073E6A9AEE52F8254774 /* Debug */,
				C717CE2EF452165B4933D41F /* Release */,
				67E843908AFB49D7750CCD5A /* Profile */,
			);
			defaultConfigurationIsVisible = 0;
			defaultConfigurationName = Debug;
		};
		DC0E55FEB923538DFF4D6149 /* Build configuration list for PBXLegacyTarget "UpdateXcodeProject" */ = {
			isa = XCConfigurationList;
			buildConfigurations = (
				3D6B1463C15D8764EDB768AA /* Debug */,
				9387D056E9C8990A050ED131 /* Release */,
				10BA2B20A00C8B6761C69D73 /* Profile */,
			);
			defaultConfigurationIsVisible = 0;
			defaultConfigurationName = Debug;
		};
/* End XCConfigurationList section */
	};
	rootObject = E9FD5EB2F2C3042327DAD1D5 /* Project object */;
}
